
Microsoft Visual Studio Solution File, Format Version 12.00
# Visual Studio Version 17
VisualStudioVersion = 17.2.32616.157
MinimumVisualStudioVersion = 10.0.40219.1
Project("{FAE04EC0-301F-11D3-BF4B-00C04F79EFBC}") = "CQRS_Sample", "CQRS_Sample\CQRS_Sample.csproj", "{E1516876-BEFE-4274-BDF1-3A842D6B8F40}"
EndProject
Global
	GlobalSection(SolutionConfigurationPlatforms) = preSolution
		Debug|Any CPU = Debug|Any CPU
		Release|Any CPU = Release|Any CPU
	EndGlobalSection
	GlobalSection(ProjectConfigurationPlatforms) = postSolution
		{E1516876-BEFE-4274-BDF1-3A842D6B8F40}.Debug|Any CPU.ActiveCfg = Debug|Any CPU
		{E1516876-BEFE-4274-BDF1-3A842D6B8F40}.Debug|Any CPU.Build.0 = Debug|Any CPU
		{E1516876-BEFE-4274-BDF1-3A842D6B8F40}.Release|Any CPU.ActiveCfg = Release|Any CPU
		{E1516876-BEFE-4274-BDF1-3A842D6B8F40}.Release|Any CPU.Build.0 = Release|Any CPU
	EndGlobalSection
	GlobalSection(SolutionProperties) = preSolution
		HideSolutionNode = FALSE
	EndGlobalSection
	GlobalSection(ExtensibilityGlobals) = postSolution
		SolutionGuid = {DE6B0F4D-8BA4-49AE-9010-7BBF2B05345E}
	EndGlobalSection
EndGlobal
